
Microsoft Visual Studio Solution File, Format Version 12.00
# Visual Studio Version 17
VisualStudioVersion = 17.1.32319.34
MinimumVisualStudioVersion = 10.0.40219.1
Project("{FAE04EC0-301F-11D3-BF4B-00C04F79EFBC}") = "SMSuserresetpassword", "SMSuserresetpassword\SMSuserresetpassword.csproj", "{A1B17FF1-E63E-4A63-B80B-2ECF76E0B1FA}"
EndProject
Global
	GlobalSection(SolutionConfigurationPlatforms) = preSolution
		Debug|Any CPU = Debug|Any CPU
		Release|Any CPU = Release|Any CPU
	EndGlobalSection
	GlobalSection(ProjectConfigurationPlatforms) = postSolution
		{A1B17FF1-E63E-4A63-B80B-2ECF76E0B1FA}.Debug|Any CPU.ActiveCfg = Debug|Any CPU
		{A1B17FF1-E63E-4A63-B80B-2ECF76E0B1FA}.Debug|Any CPU.Build.0 = Debug|Any CPU
		{A1B17FF1-E63E-4A63-B80B-2ECF76E0B1FA}.Release|Any CPU.ActiveCfg = Release|Any CPU
		{A1B17FF1-E63E-4A63-B80B-2ECF76E0B1FA}.Release|Any CPU.Build.0 = Release|Any CPU
	EndGlobalSection
	GlobalSection(SolutionProperties) = preSolution
		HideSolutionNode = FALSE
	EndGlobalSection
	GlobalSection(ExtensibilityGlobals) = postSolution
		SolutionGuid = {A4652729-F229-4922-AE44-D4E824033DB3}
	EndGlobalSection
EndGlobal
